
Microsoft Visual Studio Solution File, Format Version 12.00
# Visual Studio 15
VisualStudioVersion = 15.0.28010.2036
MinimumVisualStudioVersion = 10.0.40219.1
Project("{FAE04EC0-301F-11D3-BF4B-00C04F79EFBC}") = "Point_of_Sale.SYSTEM", "Point_of_Sale.SYSTEM\Point_of_Sale.SYSTEM.csproj", "{75A71362-0137-43F1-B7E5-40452C7D3670}"
EndProject
Global
	GlobalSection(SolutionConfigurationPlatforms) = preSolution
		Debug|Any CPU = Debug|Any CPU
		Release|Any CPU = Release|Any CPU
	EndGlobalSection
	GlobalSection(ProjectConfigurationPlatforms) = postSolution
		{75A71362-0137-43F1-B7E5-40452C7D3670}.Debug|Any CPU.ActiveCfg = Debug|Any CPU
		{75A71362-0137-43F1-B7E5-40452C7D3670}.Debug|Any CPU.Build.0 = Debug|Any CPU
		{75A71362-0137-43F1-B7E5-40452C7D3670}.Release|Any CPU.ActiveCfg = Release|Any CPU
		{75A71362-0137-43F1-B7E5-40452C7D3670}.Release|Any CPU.Build.0 = Release|Any CPU
	EndGlobalSection
	GlobalSection(SolutionProperties) = preSolution
		HideSolutionNode = FALSE
	EndGlobalSection
	GlobalSection(ExtensibilityGlobals) = postSolution
		SolutionGuid = {7E49EFA0-B892-4C2D-A8E5-94559ECA4BF5}
	EndGlobalSection
EndGlobal
